
Microsoft Visual Studio Solution File, Format Version 12.00
# Visual Studio Version 16
VisualStudioVersion = 16.0.32802.440
MinimumVisualStudioVersion = 10.0.40219.1
Project("{FAE04EC0-301F-11D3-BF4B-00C04F79EFBC}") = "Fntastic1", "Fntastic1\Fntastic1.csproj", "{7A07FC2B-AD37-4F30-8CC0-C37A0322B88F}"
EndProject
Global
	GlobalSection(SolutionConfigurationPlatforms) = preSolution
		Debug|Any CPU = Debug|Any CPU
		Release|Any CPU = Release|Any CPU
	EndGlobalSection
	GlobalSection(ProjectConfigurationPlatforms) = postSolution
		{7A07FC2B-AD37-4F30-8CC0-C37A0322B88F}.Debug|Any CPU.ActiveCfg = Debug|Any CPU
		{7A07FC2B-AD37-4F30-8CC0-C37A0322B88F}.Debug|Any CPU.Build.0 = Debug|Any CPU
		{7A07FC2B-AD37-4F30-8CC0-C37A0322B88F}.Release|Any CPU.ActiveCfg = Release|Any CPU
		{7A07FC2B-AD37-4F30-8CC0-C37A0322B88F}.Release|Any CPU.Build.0 = Release|Any CPU
	EndGlobalSection
	GlobalSection(SolutionProperties) = preSolution
		HideSolutionNode = FALSE
	EndGlobalSection
	GlobalSection(ExtensibilityGlobals) = postSolution
		SolutionGuid = {4505E91B-F394-462B-828C-CF3988CCB7E2}
	EndGlobalSection
EndGlobal
